
Microsoft Visual Studio Solution File, Format Version 12.00
# Visual Studio Version 16
VisualStudioVersion = 16.0.30011.22
MinimumVisualStudioVersion = 10.0.40219.1
Project("{9A19103F-16F7-4668-BE54-9A1E7A4F7556}") = "School.DataAccess", "School.DataAccess\School.DataAccess.csproj", "{442E11DB-353D-4AB9-B512-F39C4080BF88}"
EndProject
Project("{9A19103F-16F7-4668-BE54-9A1E7A4F7556}") = "School.Services", "School.Services\School.Services.csproj", "{CC60D6E6-D388-47F8-838F-439B3DA4668C}"
EndProject
Project("{9A19103F-16F7-4668-BE54-9A1E7A4F7556}") = "School.WebApi", "School.WebApi\School.WebApi.csproj", "{D0BBF5C9-1BB7-4277-B7E5-93DDB48F083A}"
EndProject
Project("{FAE04EC0-301F-11D3-BF4B-00C04F79EFBC}") = "School.WebApi.Models", "School.WebApi.Models\School.WebApi.Models.csproj", "{3E77A53D-F945-4D05-AE76-87FEF92A1037}"
EndProject
Global
	GlobalSection(SolutionConfigurationPlatforms) = preSolution
		Debug|Any CPU = Debug|Any CPU
		Release|Any CPU = Release|Any CPU
	EndGlobalSection
	GlobalSection(ProjectConfigurationPlatforms) = postSolution
		{442E11DB-353D-4AB9-B512-F39C4080BF88}.Debug|Any CPU.ActiveCfg = Debug|Any CPU
		{442E11DB-353D-4AB9-B512-F39C4080BF88}.Debug|Any CPU.Build.0 = Debug|Any CPU
		{442E11DB-353D-4AB9-B512-F39C4080BF88}.Release|Any CPU.ActiveCfg = Release|Any CPU
		{442E11DB-353D-4AB9-B512-F39C4080BF88}.Release|Any CPU.Build.0 = Release|Any CPU
		{CC60D6E6-D388-47F8-838F-439B3DA4668C}.Debug|Any CPU.ActiveCfg = Debug|Any CPU
		{CC60D6E6-D388-47F8-838F-439B3DA4668C}.Debug|Any CPU.Build.0 = Debug|Any CPU
		{CC60D6E6-D388-47F8-838F-439B3DA4668C}.Release|Any CPU.ActiveCfg = Release|Any CPU
		{CC60D6E6-D388-47F8-838F-439B3DA4668C}.Release|Any CPU.Build.0 = Release|Any CPU
		{D0BBF5C9-1BB7-4277-B7E5-93DDB48F083A}.Debug|Any CPU.ActiveCfg = Debug|Any CPU
		{D0BBF5C9-1BB7-4277-B7E5-93DDB48F083A}.Debug|Any CPU.Build.0 = Debug|Any CPU
		{D0BBF5C9-1BB7-4277-B7E5-93DDB48F083A}.Release|Any CPU.ActiveCfg = Release|Any CPU
		{D0BBF5C9-1BB7-4277-B7E5-93DDB48F083A}.Release|Any CPU.Build.0 = Release|Any CPU
		{3E77A53D-F945-4D05-AE76-87FEF92A1037}.Debug|Any CPU.ActiveCfg = Debug|Any CPU
		{3E77A53D-F945-4D05-AE76-87FEF92A1037}.Debug|Any CPU.Build.0 = Debug|Any CPU
		{3E77A53D-F945-4D05-AE76-87FEF92A1037}.Release|Any CPU.ActiveCfg = Release|Any CPU
		{3E77A53D-F945-4D05-AE76-87FEF92A1037}.Release|Any CPU.Build.0 = Release|Any CPU
	EndGlobalSection
	GlobalSection(SolutionProperties) = preSolution
		HideSolutionNode = FALSE
	EndGlobalSection
	GlobalSection(ExtensibilityGlobals) = postSolution
		SolutionGuid = {0374C93C-22B3-4ED0-8ABA-0F72F2D169A1}
	EndGlobalSection
EndGlobal
