
Microsoft Visual Studio Solution File, Format Version 12.00
# Visual Studio 15
VisualStudioVersion = 15.0.28307.271
MinimumVisualStudioVersion = 10.0.40219.1
Project("{9A19103F-16F7-4668-BE54-9A1E7A4F7556}") = "School.DataAccess", "School.DataAccess\School.DataAccess.csproj", "{442E11DB-353D-4AB9-B512-F39C4080BF88}"
EndProject
Project("{FAE04EC0-301F-11D3-BF4B-00C04F79EFBC}") = "School.Services", "School.Services\School.Services.csproj", "{CC60D6E6-D388-47F8-838F-439B3DA4668C}"
EndProject
Global
	GlobalSection(SolutionConfigurationPlatforms) = preSolution
		Debug|Any CPU = Debug|Any CPU
		Release|Any CPU = Release|Any CPU
	EndGlobalSection
	GlobalSection(ProjectConfigurationPlatforms) = postSolution
		{442E11DB-353D-4AB9-B512-F39C4080BF88}.Debug|Any CPU.ActiveCfg = Debug|Any CPU
		{442E11DB-353D-4AB9-B512-F39C4080BF88}.Debug|Any CPU.Build.0 = Debug|Any CPU
		{442E11DB-353D-4AB9-B512-F39C4080BF88}.Release|Any CPU.ActiveCfg = Release|Any CPU
		{442E11DB-353D-4AB9-B512-F39C4080BF88}.Release|Any CPU.Build.0 = Release|Any CPU
		{CC60D6E6-D388-47F8-838F-439B3DA4668C}.Debug|Any CPU.ActiveCfg = Debug|Any CPU
		{CC60D6E6-D388-47F8-838F-439B3DA4668C}.Debug|Any CPU.Build.0 = Debug|Any CPU
		{CC60D6E6-D388-47F8-838F-439B3DA4668C}.Release|Any CPU.ActiveCfg = Release|Any CPU
		{CC60D6E6-D388-47F8-838F-439B3DA4668C}.Release|Any CPU.Build.0 = Release|Any CPU
	EndGlobalSection
	GlobalSection(SolutionProperties) = preSolution
		HideSolutionNode = FALSE
	EndGlobalSection
	GlobalSection(ExtensibilityGlobals) = postSolution
		SolutionGuid = {0374C93C-22B3-4ED0-8ABA-0F72F2D169A1}
	EndGlobalSection
EndGlobal
